# THIS IS AN AUTOGENERATED FILE. DO NOT EDIT THIS FILE DIRECTLY.
# yarn lockfile v1


expo-secure-store@^12.8.1:
  version "12.8.1"
  resolved "https://registry.yarnpkg.com/expo-secure-store/-/expo-secure-store-12.8.1.tgz#369a570702fa1dc0c49ea41a5ab18aca2a986d38"
  integrity sha512-Ju3jmkHby4w7rIzdYAt9kQyQ7HhHJ0qRaiQOInknhOLIltftHjEgF4I1UmzKc7P5RCfGNmVbEH729Pncp/sHXQ==
